
Microsoft Visual Studio Solution File, Format Version 12.00
# Visual Studio Version 17
VisualStudioVersion = 17.6.33723.286
MinimumVisualStudioVersion = 10.0.40219.1
Project("{8BC9CEB8-8B4A-11D0-8D11-00A0C91BC942}") = "myOpenGL", "myOpenGL\myOpenGL.vcxproj", "{E54D1F1E-6A51-4ABB-AA77-F42DD70D7BCB}"
EndProject
Global
	GlobalSection(SolutionConfigurationPlatforms) = preSolution
		Debug|x64 = Debug|x64
		Debug|x86 = Debug|x86
		Release|x64 = Release|x64
		Release|x86 = Release|x86
		textures|x64 = textures|x64
		textures|x86 = textures|x86
	EndGlobalSection
	GlobalSection(ProjectConfigurationPlatforms) = postSolution
		{E54D1F1E-6A51-4ABB-AA77-F42DD70D7BCB}.Debug|x64.ActiveCfg = Debug|x64
		{E54D1F1E-6A51-4ABB-AA77-F42DD70D7BCB}.Debug|x64.Build.0 = Debug|x64
		{E54D1F1E-6A51-4ABB-AA77-F42DD70D7BCB}.Debug|x86.ActiveCfg = Debug|Win32
		{E54D1F1E-6A51-4ABB-AA77-F42DD70D7BCB}.Debug|x86.Build.0 = Debug|Win32
		{E54D1F1E-6A51-4ABB-AA77-F42DD70D7BCB}.Release|x64.ActiveCfg = Release|x64
		{E54D1F1E-6A51-4ABB-AA77-F42DD70D7BCB}.Release|x64.Build.0 = Release|x64
		{E54D1F1E-6A51-4ABB-AA77-F42DD70D7BCB}.Release|x86.ActiveCfg = Release|Win32
		{E54D1F1E-6A51-4ABB-AA77-F42DD70D7BCB}.Release|x86.Build.0 = Release|Win32
		{E54D1F1E-6A51-4ABB-AA77-F42DD70D7BCB}.textures|x64.ActiveCfg = textures|x64
		{E54D1F1E-6A51-4ABB-AA77-F42DD70D7BCB}.textures|x64.Build.0 = textures|x64
		{E54D1F1E-6A51-4ABB-AA77-F42DD70D7BCB}.textures|x86.ActiveCfg = textures|Win32
		{E54D1F1E-6A51-4ABB-AA77-F42DD70D7BCB}.textures|x86.Build.0 = textures|Win32
	EndGlobalSection
	GlobalSection(SolutionProperties) = preSolution
		HideSolutionNode = FALSE
	EndGlobalSection
	GlobalSection(ExtensibilityGlobals) = postSolution
		SolutionGuid = {910FBB01-C9BA-477A-B020-5FE4F84480FB}
	EndGlobalSection
EndGlobal
